
Microsoft Visual Studio Solution File, Format Version 12.00
# Visual Studio 15
VisualStudioVersion = 15.0.27703.2026
MinimumVisualStudioVersion = 10.0.40219.1
Project("{FAE04EC0-301F-11D3-BF4B-00C04F79EFBC}") = "AvaCarona.API", "AvaCarona.API\AvaCarona.API.csproj", "{5F0AAC55-ACF5-4FDD-AB33-576595951446}"
EndProject
Project("{2150E333-8FDC-42A3-9474-1A3956D46DE8}") = "Testes", "Testes", "{BB26AF67-9DC0-4FC8-99C9-028F6BA30D3A}"
EndProject
Project("{FAE04EC0-301F-11D3-BF4B-00C04F79EFBC}") = "AvaCarona.UnitTestes", "AvaCarona.UnitTestes\AvaCarona.UnitTestes.csproj", "{DE6AB4B6-2D11-4D44-BAB5-03EBFD68C2F2}"
EndProject
Project("{FAE04EC0-301F-11D3-BF4B-00C04F79EFBC}") = "AvaCarona.IntegracaoEFTeste", "AvaCarona.IntegracaoEFTeste\AvaCarona.IntegracaoEFTeste.csproj", "{D0BCC9A0-13C3-462A-8DB9-8780E6EA8AB8}"
EndProject
Global
	GlobalSection(SolutionConfigurationPlatforms) = preSolution
		Debug|Any CPU = Debug|Any CPU
		Release|Any CPU = Release|Any CPU
	EndGlobalSection
	GlobalSection(ProjectConfigurationPlatforms) = postSolution
		{5F0AAC55-ACF5-4FDD-AB33-576595951446}.Debug|Any CPU.ActiveCfg = Debug|Any CPU
		{5F0AAC55-ACF5-4FDD-AB33-576595951446}.Debug|Any CPU.Build.0 = Debug|Any CPU
		{5F0AAC55-ACF5-4FDD-AB33-576595951446}.Release|Any CPU.ActiveCfg = Release|Any CPU
		{5F0AAC55-ACF5-4FDD-AB33-576595951446}.Release|Any CPU.Build.0 = Release|Any CPU
		{DE6AB4B6-2D11-4D44-BAB5-03EBFD68C2F2}.Debug|Any CPU.ActiveCfg = Debug|Any CPU
		{DE6AB4B6-2D11-4D44-BAB5-03EBFD68C2F2}.Debug|Any CPU.Build.0 = Debug|Any CPU
		{DE6AB4B6-2D11-4D44-BAB5-03EBFD68C2F2}.Release|Any CPU.ActiveCfg = Release|Any CPU
		{DE6AB4B6-2D11-4D44-BAB5-03EBFD68C2F2}.Release|Any CPU.Build.0 = Release|Any CPU
		{D0BCC9A0-13C3-462A-8DB9-8780E6EA8AB8}.Debug|Any CPU.ActiveCfg = Debug|Any CPU
		{D0BCC9A0-13C3-462A-8DB9-8780E6EA8AB8}.Debug|Any CPU.Build.0 = Debug|Any CPU
		{D0BCC9A0-13C3-462A-8DB9-8780E6EA8AB8}.Release|Any CPU.ActiveCfg = Release|Any CPU
		{D0BCC9A0-13C3-462A-8DB9-8780E6EA8AB8}.Release|Any CPU.Build.0 = Release|Any CPU
	EndGlobalSection
	GlobalSection(SolutionProperties) = preSolution
		HideSolutionNode = FALSE
	EndGlobalSection
	GlobalSection(NestedProjects) = preSolution
		{DE6AB4B6-2D11-4D44-BAB5-03EBFD68C2F2} = {BB26AF67-9DC0-4FC8-99C9-028F6BA30D3A}
		{D0BCC9A0-13C3-462A-8DB9-8780E6EA8AB8} = {BB26AF67-9DC0-4FC8-99C9-028F6BA30D3A}
	EndGlobalSection
	GlobalSection(ExtensibilityGlobals) = postSolution
		SolutionGuid = {4D524027-7F5D-47E5-BC67-FF589D53A890}
	EndGlobalSection
EndGlobal
